# THIS IS AN AUTOGENERATED FILE. DO NOT EDIT THIS FILE DIRECTLY.
# yarn lockfile v1


"@fortawesome/fontawesome-free@~5.7.2":
  version "5.7.2"
  resolved "https://registry.yarnpkg.com/@fortawesome/fontawesome-free/-/fontawesome-free-5.7.2.tgz#1498c3eb78ee7c78c5488418707de90aaf58d5d7"
  integrity sha512-Ha4HshKdCVKgu4TVCtG8XyPPYdzTzNW4/fvPnn+LT7AosRABryhlRv4cc4+o84dgpvVJN9reN7jo/c+nYujFug==

bulma-tagsinput@~2.0.0:
  version "2.0.0"
  resolved "https://registry.yarnpkg.com/bulma-tagsinput/-/bulma-tagsinput-2.0.0.tgz#ef6653464212f23a50b3b046fc9735bd75fc1768"
  integrity sha512-BFvd0oaxgeWHOEh3d4cgETy5vpSSjRRBA9w+8TWEuhjFQg38Rb+3vjDCavL+udpdjf+dRV0SK5T4kYCXTOrz5A==

bulma@~0.7.4:
  version "0.7.4"
  resolved "https://registry.yarnpkg.com/bulma/-/bulma-0.7.4.tgz#7e74512e9118d9799021339e67e365ee0ac4f3f9"
  integrity sha512-krG2rP6eAX1WE0sf6O0SC/FUVSOBX4m1PBC2+GKLpb2pX0qanaDqcv9U2nu75egFrsHkI0zdWYuk/oGwoszVWg==
